
Microsoft Visual Studio Solution File, Format Version 12.00
# Visual Studio Version 17
VisualStudioVersion = 17.10.35122.118
MinimumVisualStudioVersion = 10.0.40219.1
Project("{9A19103F-16F7-4668-BE54-9A1E7A4F7556}") = "Tp_Barengo", "Tp_Barengo.csproj", "{FC7C2631-9250-4734-B5EB-C21BDD5F6866}"
EndProject
Global
	GlobalSection(SolutionConfigurationPlatforms) = preSolution
		Debug|Any CPU = Debug|Any CPU
		Release|Any CPU = Release|Any CPU
	EndGlobalSection
	GlobalSection(ProjectConfigurationPlatforms) = postSolution
		{FC7C2631-9250-4734-B5EB-C21BDD5F6866}.Debug|Any CPU.ActiveCfg = Debug|Any CPU
		{FC7C2631-9250-4734-B5EB-C21BDD5F6866}.Debug|Any CPU.Build.0 = Debug|Any CPU
		{FC7C2631-9250-4734-B5EB-C21BDD5F6866}.Release|Any CPU.ActiveCfg = Release|Any CPU
		{FC7C2631-9250-4734-B5EB-C21BDD5F6866}.Release|Any CPU.Build.0 = Release|Any CPU
	EndGlobalSection
	GlobalSection(SolutionProperties) = preSolution
		HideSolutionNode = FALSE
	EndGlobalSection
	GlobalSection(ExtensibilityGlobals) = postSolution
		SolutionGuid = {A1DA4041-7D9B-40F6-A105-881BF2F1F34C}
	EndGlobalSection
EndGlobal
